
Microsoft Visual Studio Solution File, Format Version 12.00
# Visual Studio Version 16
VisualStudioVersion = 16.0.31911.196
MinimumVisualStudioVersion = 10.0.40219.1
Project("{FAE04EC0-301F-11D3-BF4B-00C04F79EFBC}") = "MinMaxSum", "MinMaxSum.csproj", "{0A35061D-15AB-439D-9475-C6A4792ECFB9}"
EndProject
Global
	GlobalSection(SolutionConfigurationPlatforms) = preSolution
		Debug|Any CPU = Debug|Any CPU
		Release|Any CPU = Release|Any CPU
	EndGlobalSection
	GlobalSection(ProjectConfigurationPlatforms) = postSolution
		{0A35061D-15AB-439D-9475-C6A4792ECFB9}.Debug|Any CPU.ActiveCfg = Debug|Any CPU
		{0A35061D-15AB-439D-9475-C6A4792ECFB9}.Debug|Any CPU.Build.0 = Debug|Any CPU
		{0A35061D-15AB-439D-9475-C6A4792ECFB9}.Release|Any CPU.ActiveCfg = Release|Any CPU
		{0A35061D-15AB-439D-9475-C6A4792ECFB9}.Release|Any CPU.Build.0 = Release|Any CPU
	EndGlobalSection
	GlobalSection(SolutionProperties) = preSolution
		HideSolutionNode = FALSE
	EndGlobalSection
	GlobalSection(ExtensibilityGlobals) = postSolution
		SolutionGuid = {F37B5684-1A08-4B74-8F61-B1DE4E08BACA}
	EndGlobalSection
EndGlobal
